// !$*UTF8*$!
{
	archiveVersion = 1;
	classes = {
	};
	objectVersion = 56;
	objects = {

/* Begin PBXBuildFile section */
		A80EB4A728EB001E00931393 /* StatisticModel.swift in Sources */ = {isa = PBXBuildFile; fileRef = A80EB4A628EB001E00931393 /* StatisticModel.swift */; };
		A80EB4A928EB017E00931393 /* StatisticView.swift in Sources */ = {isa = PBXBuildFile; fileRef = A80EB4A828EB017E00931393 /* StatisticView.swift */; };
		A8342CB528F5A0AD00822343 /* UIImage.swift in Sources */ = {isa = PBXBuildFile; fileRef = A8342CB428F5A0AD00822343 /* UIImage.swift */; };
		A8342CB728F5A2A700822343 /* Integer.swift in Sources */ = {isa = PBXBuildFile; fileRef = A8342CB628F5A2A700822343 /* Integer.swift */; };
		A848283C28E5B5C100405907 /* CoinDataService.swift in Sources */ = {isa = PBXBuildFile; fileRef = A848283B28E5B5C100405907 /* CoinDataService.swift */; };
		A848283F28E5B7AE00405907 /* MarketView.swift in Sources */ = {isa = PBXBuildFile; fileRef = A848283E28E5B7AE00405907 /* MarketView.swift */; };
		A848284428E5B7C200405907 /* CreatorView.swift in Sources */ = {isa = PBXBuildFile; fileRef = A848284328E5B7C200405907 /* CreatorView.swift */; };
		A85BC57D28DF1457007E5130 /* CryptoTradingAppApp.swift in Sources */ = {isa = PBXBuildFile; fileRef = A85BC57C28DF1457007E5130 /* CryptoTradingAppApp.swift */; };
		A85BC57F28DF1457007E5130 /* ContentView.swift in Sources */ = {isa = PBXBuildFile; fileRef = A85BC57E28DF1457007E5130 /* ContentView.swift */; };
		A85BC58128DF145A007E5130 /* Assets.xcassets in Resources */ = {isa = PBXBuildFile; fileRef = A85BC58028DF145A007E5130 /* Assets.xcassets */; };
		A85BC58428DF145A007E5130 /* Preview Assets.xcassets in Resources */ = {isa = PBXBuildFile; fileRef = A85BC58328DF145A007E5130 /* Preview Assets.xcassets */; };
		A85BC58E28DF1F2C007E5130 /* CoinModel.swift in Sources */ = {isa = PBXBuildFile; fileRef = A85BC58D28DF1F2C007E5130 /* CoinModel.swift */; };
		A85BC59028DF2322007E5130 /* CoinRowView.swift in Sources */ = {isa = PBXBuildFile; fileRef = A85BC58F28DF2322007E5130 /* CoinRowView.swift */; };
		A85BC59328DF2358007E5130 /* PreviewProvider.swift in Sources */ = {isa = PBXBuildFile; fileRef = A85BC59228DF2358007E5130 /* PreviewProvider.swift */; };
		A85BC59A28DF2A49007E5130 /* Double.swift in Sources */ = {isa = PBXBuildFile; fileRef = A85BC59928DF2A49007E5130 /* Double.swift */; };
		A85BC59C28DF2E73007E5130 /* HomeView.swift in Sources */ = {isa = PBXBuildFile; fileRef = A85BC59B28DF2E73007E5130 /* HomeView.swift */; };
		A85D114528F6DF6B00C64F2C /* TradeView.swift in Sources */ = {isa = PBXBuildFile; fileRef = A85D114428F6DF6B00C64F2C /* TradeView.swift */; };
		A85D114728F6E23100C64F2C /* VM_TradeView.swift in Sources */ = {isa = PBXBuildFile; fileRef = A85D114628F6E23100C64F2C /* VM_TradeView.swift */; };
		A85D114A28F70A1300C64F2C /* BuySellEnum.swift in Sources */ = {isa = PBXBuildFile; fileRef = A85D114928F70A1300C64F2C /* BuySellEnum.swift */; };
		A867B93628FAC96F00D4D50D /* PortfolioContainer.xcdatamodeld in Sources */ = {isa = PBXBuildFile; fileRef = A867B93428FAC96F00D4D50D /* PortfolioContainer.xcdatamodeld */; };
		A867B93828FACA0200D4D50D /* PortfolioDataService.swift in Sources */ = {isa = PBXBuildFile; fileRef = A867B93728FACA0200D4D50D /* PortfolioDataService.swift */; };
		A871BB8728F03878006BC3CD /* VM_ExchangeListView.swift in Sources */ = {isa = PBXBuildFile; fileRef = A871BB8628F03878006BC3CD /* VM_ExchangeListView.swift */; };
		A871BB8928F038D8006BC3CD /* ExchangeDataService.swift in Sources */ = {isa = PBXBuildFile; fileRef = A871BB8828F038D8006BC3CD /* ExchangeDataService.swift */; };
		A872103828E7066A00282FFE /* NetworkingManager.swift in Sources */ = {isa = PBXBuildFile; fileRef = A872103728E7066A00282FFE /* NetworkingManager.swift */; };
		A8733AF528F42EED0089C9C7 /* MarketDataModel.swift in Sources */ = {isa = PBXBuildFile; fileRef = A8733AF428F42EED0089C9C7 /* MarketDataModel.swift */; };
		A8733AF728F437230089C9C7 /* MarketDataService.swift in Sources */ = {isa = PBXBuildFile; fileRef = A8733AF628F437230089C9C7 /* MarketDataService.swift */; };
		A8750E8328E1CBBE00B02C1C /* VM_HomeView.swift in Sources */ = {isa = PBXBuildFile; fileRef = A8750E8228E1CBBE00B02C1C /* VM_HomeView.swift */; };
		A87909CC28EC621200FAD403 /* ExchangeRowNameView.swift in Sources */ = {isa = PBXBuildFile; fileRef = A87909CB28EC621200FAD403 /* ExchangeRowNameView.swift */; };
		A87909CE28EC690B00FAD403 /* ExchangeRowStatisticsView.swift in Sources */ = {isa = PBXBuildFile; fileRef = A87909CD28EC690B00FAD403 /* ExchangeRowStatisticsView.swift */; };
		A883AF9828F8253B00C542D6 /* SelectTradeCoinSheet.swift in Sources */ = {isa = PBXBuildFile; fileRef = A883AF9728F8253B00C542D6 /* SelectTradeCoinSheet.swift */; };
		A883AF9A28F82A3E00C542D6 /* VM_SelectTradeCoinSheet.swift in Sources */ = {isa = PBXBuildFile; fileRef = A883AF9928F82A3E00C542D6 /* VM_SelectTradeCoinSheet.swift */; };
		A8941A5228F974B600D9D653 /* EmptyCoinModel.swift in Sources */ = {isa = PBXBuildFile; fileRef = A8941A5128F974B600D9D653 /* EmptyCoinModel.swift */; };
		A8C04CB528F2F9F1009E9B9A /* ExchangeImageService.swift in Sources */ = {isa = PBXBuildFile; fileRef = A8C04CB428F2F9F1009E9B9A /* ExchangeImageService.swift */; };
		A8C04CB728F30037009E9B9A /* ExchangeImageView.swift in Sources */ = {isa = PBXBuildFile; fileRef = A8C04CB628F30037009E9B9A /* ExchangeImageView.swift */; };
		A8C04CB928F30042009E9B9A /* VM_ExchangeImageView.swift in Sources */ = {isa = PBXBuildFile; fileRef = A8C04CB828F30042009E9B9A /* VM_ExchangeImageView.swift */; };
		A8C536B928E84FD1003425E2 /* Coin360View.swift in Sources */ = {isa = PBXBuildFile; fileRef = A8C536B828E84FD1003425E2 /* Coin360View.swift */; };
		A8C536BB28E8503C003425E2 /* WebView.swift in Sources */ = {isa = PBXBuildFile; fileRef = A8C536BA28E8503C003425E2 /* WebView.swift */; };
		A8C536BD28E85C0F003425E2 /* API.swift in Sources */ = {isa = PBXBuildFile; fileRef = A8C536BC28E85C0F003425E2 /* API.swift */; };
		A8C536C028E874EC003425E2 /* CoinImageView.swift in Sources */ = {isa = PBXBuildFile; fileRef = A8C536BF28E874EC003425E2 /* CoinImageView.swift */; };
		A8C536C228E876E1003425E2 /* CoinImageService.swift in Sources */ = {isa = PBXBuildFile; fileRef = A8C536C128E876E1003425E2 /* CoinImageService.swift */; };
		A8C536C628E87BF5003425E2 /* VM_CoinImageView.swift in Sources */ = {isa = PBXBuildFile; fileRef = A8C536C528E87BF5003425E2 /* VM_CoinImageView.swift */; };
		A8CF5F6F28E9763800FF7586 /* LocalFileManger.swift in Sources */ = {isa = PBXBuildFile; fileRef = A8CF5F6E28E9763800FF7586 /* LocalFileManger.swift */; };
		A8CF5F7328E9AC9400FF7586 /* SearchBarView.swift in Sources */ = {isa = PBXBuildFile; fileRef = A8CF5F7228E9AC9400FF7586 /* SearchBarView.swift */; };
		A8CF5F7A28E9B46300FF7586 /* UIApplication.swift in Sources */ = {isa = PBXBuildFile; fileRef = A8CF5F7928E9B46300FF7586 /* UIApplication.swift */; };
		A8D2463828EEEA7F0019F07E /* ExchangeListView.swift in Sources */ = {isa = PBXBuildFile; fileRef = A8D2463728EEEA7F0019F07E /* ExchangeListView.swift */; };
		A8D2463A28EEEB9F0019F07E /* ExchangeModel.swift in Sources */ = {isa = PBXBuildFile; fileRef = A8D2463928EEEB9F0019F07E /* ExchangeModel.swift */; };
/* End PBXBuildFile section */

/* Begin PBXFileReference section */
		A80EB4A628EB001E00931393 /* StatisticModel.swift */ = {isa = PBXFileReference; lastKnownFileType = sourcecode.swift; path = StatisticModel.swift; sourceTree = "<group>"; };
		A80EB4A828EB017E00931393 /* StatisticView.swift */ = {isa = PBXFileReference; lastKnownFileType = sourcecode.swift; path = StatisticView.swift; sourceTree = "<group>"; };
		A8342CB428F5A0AD00822343 /* UIImage.swift */ = {isa = PBXFileReference; lastKnownFileType = sourcecode.swift; path = UIImage.swift; sourceTree = "<group>"; };
		A8342CB628F5A2A700822343 /* Integer.swift */ = {isa = PBXFileReference; lastKnownFileType = sourcecode.swift; path = Integer.swift; sourceTree = "<group>"; };
		A848283B28E5B5C100405907 /* CoinDataService.swift */ = {isa = PBXFileReference; lastKnownFileType = sourcecode.swift; path = CoinDataService.swift; sourceTree = "<group>"; };
		A848283E28E5B7AE00405907 /* MarketView.swift */ = {isa = PBXFileReference; fileEncoding = 4; lastKnownFileType = sourcecode.swift; path = MarketView.swift; sourceTree = "<group>"; };
		A848284328E5B7C200405907 /* CreatorView.swift */ = {isa = PBXFileReference; fileEncoding = 4; lastKnownFileType = sourcecode.swift; path = CreatorView.swift; sourceTree = "<group>"; };
		A85BC57928DF1457007E5130 /* CryptoTradingApp.app */ = {isa = PBXFileReference; explicitFileType = wrapper.application; includeInIndex = 0; path = CryptoTradingApp.app; sourceTree = BUILT_PRODUCTS_DIR; };
		A85BC57C28DF1457007E5130 /* CryptoTradingAppApp.swift */ = {isa = PBXFileReference; lastKnownFileType = sourcecode.swift; path = CryptoTradingAppApp.swift; sourceTree = "<group>"; };
		A85BC57E28DF1457007E5130 /* ContentView.swift */ = {isa = PBXFileReference; lastKnownFileType = sourcecode.swift; path = ContentView.swift; sourceTree = "<group>"; };
		A85BC58028DF145A007E5130 /* Assets.xcassets */ = {isa = PBXFileReference; lastKnownFileType = folder.assetcatalog; path = Assets.xcassets; sourceTree = "<group>"; };
		A85BC58328DF145A007E5130 /* Preview Assets.xcassets */ = {isa = PBXFileReference; lastKnownFileType = folder.assetcatalog; path = "Preview Assets.xcassets"; sourceTree = "<group>"; };
		A85BC58D28DF1F2C007E5130 /* CoinModel.swift */ = {isa = PBXFileReference; lastKnownFileType = sourcecode.swift; path = CoinModel.swift; sourceTree = "<group>"; };
		A85BC58F28DF2322007E5130 /* CoinRowView.swift */ = {isa = PBXFileReference; lastKnownFileType = sourcecode.swift; path = CoinRowView.swift; sourceTree = "<group>"; };
		A85BC59228DF2358007E5130 /* PreviewProvider.swift */ = {isa = PBXFileReference; lastKnownFileType = sourcecode.swift; path = PreviewProvider.swift; sourceTree = "<group>"; };
		A85BC59928DF2A49007E5130 /* Double.swift */ = {isa = PBXFileReference; lastKnownFileType = sourcecode.swift; path = Double.swift; sourceTree = "<group>"; };
		A85BC59B28DF2E73007E5130 /* HomeView.swift */ = {isa = PBXFileReference; lastKnownFileType = sourcecode.swift; path = HomeView.swift; sourceTree = "<group>"; };
		A85D114428F6DF6B00C64F2C /* TradeView.swift */ = {isa = PBXFileReference; lastKnownFileType = sourcecode.swift; path = TradeView.swift; sourceTree = "<group>"; };
		A85D114628F6E23100C64F2C /* VM_TradeView.swift */ = {isa = PBXFileReference; lastKnownFileType = sourcecode.swift; path = VM_TradeView.swift; sourceTree = "<group>"; };
		A85D114928F70A1300C64F2C /* BuySellEnum.swift */ = {isa = PBXFileReference; lastKnownFileType = sourcecode.swift; path = BuySellEnum.swift; sourceTree = "<group>"; };
		A867B93528FAC96F00D4D50D /* PortfolioContainer.xcdatamodel */ = {isa = PBXFileReference; lastKnownFileType = wrapper.xcdatamodel; path = PortfolioContainer.xcdatamodel; sourceTree = "<group>"; };
		A867B93728FACA0200D4D50D /* PortfolioDataService.swift */ = {isa = PBXFileReference; lastKnownFileType = sourcecode.swift; path = PortfolioDataService.swift; sourceTree = "<group>"; };
		A871BB8628F03878006BC3CD /* VM_ExchangeListView.swift */ = {isa = PBXFileReference; lastKnownFileType = sourcecode.swift; path = VM_ExchangeListView.swift; sourceTree = "<group>"; };
		A871BB8828F038D8006BC3CD /* ExchangeDataService.swift */ = {isa = PBXFileReference; lastKnownFileType = sourcecode.swift; path = ExchangeDataService.swift; sourceTree = "<group>"; };
		A872103728E7066A00282FFE /* NetworkingManager.swift */ = {isa = PBXFileReference; lastKnownFileType = sourcecode.swift; path = NetworkingManager.swift; sourceTree = "<group>"; };
		A8733AF428F42EED0089C9C7 /* MarketDataModel.swift */ = {isa = PBXFileReference; lastKnownFileType = sourcecode.swift; path = MarketDataModel.swift; sourceTree = "<group>"; };
		A8733AF628F437230089C9C7 /* MarketDataService.swift */ = {isa = PBXFileReference; lastKnownFileType = sourcecode.swift; path = MarketDataService.swift; sourceTree = "<group>"; };
		A8750E8228E1CBBE00B02C1C /* VM_HomeView.swift */ = {isa = PBXFileReference; lastKnownFileType = sourcecode.swift; path = VM_HomeView.swift; sourceTree = "<group>"; };
		A87909CB28EC621200FAD403 /* ExchangeRowNameView.swift */ = {isa = PBXFileReference; lastKnownFileType = sourcecode.swift; path = ExchangeRowNameView.swift; sourceTree = "<group>"; };
		A87909CD28EC690B00FAD403 /* ExchangeRowStatisticsView.swift */ = {isa = PBXFileReference; lastKnownFileType = sourcecode.swift; path = ExchangeRowStatisticsView.swift; sourceTree = "<group>"; };
		A883AF9728F8253B00C542D6 /* SelectTradeCoinSheet.swift */ = {isa = PBXFileReference; lastKnownFileType = sourcecode.swift; path = SelectTradeCoinSheet.swift; sourceTree = "<group>"; };
		A883AF9928F82A3E00C542D6 /* VM_SelectTradeCoinSheet.swift */ = {isa = PBXFileReference; lastKnownFileType = sourcecode.swift; path = VM_SelectTradeCoinSheet.swift; sourceTree = "<group>"; };
		A8941A5128F974B600D9D653 /* EmptyCoinModel.swift */ = {isa = PBXFileReference; lastKnownFileType = sourcecode.swift; path = EmptyCoinModel.swift; sourceTree = "<group>"; };
		A8C04CB428F2F9F1009E9B9A /* ExchangeImageService.swift */ = {isa = PBXFileReference; lastKnownFileType = sourcecode.swift; path = ExchangeImageService.swift; sourceTree = "<group>"; };
		A8C04CB628F30037009E9B9A /* ExchangeImageView.swift */ = {isa = PBXFileReference; lastKnownFileType = sourcecode.swift; path = ExchangeImageView.swift; sourceTree = "<group>"; };
		A8C04CB828F30042009E9B9A /* VM_ExchangeImageView.swift */ = {isa = PBXFileReference; lastKnownFileType = sourcecode.swift; path = VM_ExchangeImageView.swift; sourceTree = "<group>"; };
		A8C536B828E84FD1003425E2 /* Coin360View.swift */ = {isa = PBXFileReference; lastKnownFileType = sourcecode.swift; path = Coin360View.swift; sourceTree = "<group>"; };
		A8C536BA28E8503C003425E2 /* WebView.swift */ = {isa = PBXFileReference; lastKnownFileType = sourcecode.swift; name = WebView.swift; path = CryptoTradingApp/Core/Coin360/WebView.swift; sourceTree = SOURCE_ROOT; };
		A8C536BC28E85C0F003425E2 /* API.swift */ = {isa = PBXFileReference; lastKnownFileType = sourcecode.swift; name = API.swift; path = CryptoTradingApp/Core/Coin360/API.swift; sourceTree = SOURCE_ROOT; };
		A8C536BF28E874EC003425E2 /* CoinImageView.swift */ = {isa = PBXFileReference; lastKnownFileType = sourcecode.swift; path = CoinImageView.swift; sourceTree = "<group>"; };
		A8C536C128E876E1003425E2 /* CoinImageService.swift */ = {isa = PBXFileReference; lastKnownFileType = sourcecode.swift; path = CoinImageService.swift; sourceTree = "<group>"; };
		A8C536C528E87BF5003425E2 /* VM_CoinImageView.swift */ = {isa = PBXFileReference; lastKnownFileType = sourcecode.swift; path = VM_CoinImageView.swift; sourceTree = "<group>"; };
		A8CF5F6E28E9763800FF7586 /* LocalFileManger.swift */ = {isa = PBXFileReference; lastKnownFileType = sourcecode.swift; path = LocalFileManger.swift; sourceTree = "<group>"; };
		A8CF5F7228E9AC9400FF7586 /* SearchBarView.swift */ = {isa = PBXFileReference; lastKnownFileType = sourcecode.swift; path = SearchBarView.swift; sourceTree = "<group>"; };
		A8CF5F7928E9B46300FF7586 /* UIApplication.swift */ = {isa = PBXFileReference; lastKnownFileType = sourcecode.swift; path = UIApplication.swift; sourceTree = "<group>"; };
		A8D2463728EEEA7F0019F07E /* ExchangeListView.swift */ = {isa = PBXFileReference; lastKnownFileType = sourcecode.swift; path = ExchangeListView.swift; sourceTree = "<group>"; };
		A8D2463928EEEB9F0019F07E /* ExchangeModel.swift */ = {isa = PBXFileReference; lastKnownFileType = sourcecode.swift; path = ExchangeModel.swift; sourceTree = "<group>"; };
/* End PBXFileReference section */

/* Begin PBXFrameworksBuildPhase section */
		A85BC57628DF1457007E5130 /* Frameworks */ = {
			isa = PBXFrameworksBuildPhase;
			buildActionMask = 2147483647;
			files = (
			);
			runOnlyForDeploymentPostprocessing = 0;
		};
/* End PBXFrameworksBuildPhase section */

/* Begin PBXGroup section */
		A848283A28E5B59200405907 /* Services */ = {
			isa = PBXGroup;
			children = (
				A848283B28E5B5C100405907 /* CoinDataService.swift */,
				A8C536C128E876E1003425E2 /* CoinImageService.swift */,
				A871BB8828F038D8006BC3CD /* ExchangeDataService.swift */,
				A8C04CB428F2F9F1009E9B9A /* ExchangeImageService.swift */,
				A8733AF628F437230089C9C7 /* MarketDataService.swift */,
				A867B93728FACA0200D4D50D /* PortfolioDataService.swift */,
			);
			path = Services;
			sourceTree = "<group>";
		};
		A848283D28E5B7AE00405907 /* Market */ = {
			isa = PBXGroup;
			children = (
				A848283E28E5B7AE00405907 /* MarketView.swift */,
			);
			path = Market;
			sourceTree = "<group>";
		};
		A848284028E5B7C200405907 /* Creator */ = {
			isa = PBXGroup;
			children = (
				A848284128E5B7C200405907 /* ViewModel */,
				A848284228E5B7C200405907 /* View */,
			);
			path = Creator;
			sourceTree = "<group>";
		};
		A848284128E5B7C200405907 /* ViewModel */ = {
			isa = PBXGroup;
			children = (
			);
			path = ViewModel;
			sourceTree = "<group>";
		};
		A848284228E5B7C200405907 /* View */ = {
			isa = PBXGroup;
			children = (
				A848284328E5B7C200405907 /* CreatorView.swift */,
			);
			path = View;
			sourceTree = "<group>";
		};
		A85BC57028DF1457007E5130 = {
			isa = PBXGroup;
			children = (
				A85BC57B28DF1457007E5130 /* CryptoTradingApp */,
				A85BC57A28DF1457007E5130 /* Products */,
			);
			sourceTree = "<group>";
		};
		A85BC57A28DF1457007E5130 /* Products */ = {
			isa = PBXGroup;
			children = (
				A85BC57928DF1457007E5130 /* CryptoTradingApp.app */,
			);
			name = Products;
			sourceTree = "<group>";
		};
		A85BC57B28DF1457007E5130 /* CryptoTradingApp */ = {
			isa = PBXGroup;
			children = (
				A872103628E7062A00282FFE /* Utilities */,
				A85BC59428DF29C3007E5130 /* Core */,
				A85BC59128DF233D007E5130 /* Extensions */,
				A85BC58B28DF1F15007E5130 /* Model */,
				A85BC57C28DF1457007E5130 /* CryptoTradingAppApp.swift */,
				A85BC57E28DF1457007E5130 /* ContentView.swift */,
				A85BC58028DF145A007E5130 /* Assets.xcassets */,
				A85BC58228DF145A007E5130 /* Preview Content */,
			);
			path = CryptoTradingApp;
			sourceTree = "<group>";
		};
		A85BC58228DF145A007E5130 /* Preview Content */ = {
			isa = PBXGroup;
			children = (
				A85BC58328DF145A007E5130 /* Preview Assets.xcassets */,
			);
			path = "Preview Content";
			sourceTree = "<group>";
		};
		A85BC58B28DF1F15007E5130 /* Model */ = {
			isa = PBXGroup;
			children = (
				A85BC58D28DF1F2C007E5130 /* CoinModel.swift */,
				A80EB4A628EB001E00931393 /* StatisticModel.swift */,
				A8D2463928EEEB9F0019F07E /* ExchangeModel.swift */,
				A8733AF428F42EED0089C9C7 /* MarketDataModel.swift */,
			);
			path = Model;
			sourceTree = "<group>";
		};
		A85BC59128DF233D007E5130 /* Extensions */ = {
			isa = PBXGroup;
			children = (
				A85BC59228DF2358007E5130 /* PreviewProvider.swift */,
				A85BC59928DF2A49007E5130 /* Double.swift */,
				A8CF5F7928E9B46300FF7586 /* UIApplication.swift */,
				A8342CB428F5A0AD00822343 /* UIImage.swift */,
				A8342CB628F5A2A700822343 /* Integer.swift */,
			);
			path = Extensions;
			sourceTree = "<group>";
		};
		A85BC59428DF29C3007E5130 /* Core */ = {
			isa = PBXGroup;
			children = (
				A867B93328FAC95000D4D50D /* Database */,
				A85D114828F709F900C64F2C /* Enums */,
				A85D114128F6DF4A00C64F2C /* Trade */,
				A87909C828EC61E600FAD403 /* Exchange */,
				A8C536B728E84FB5003425E2 /* Coin360 */,
				A848284028E5B7C200405907 /* Creator */,
				A848283D28E5B7AE00405907 /* Market */,
				A848283A28E5B59200405907 /* Services */,
				A85BC59628DF29D9007E5130 /* Home */,
				A85BC59528DF29D0007E5130 /* Components */,
			);
			path = Core;
			sourceTree = "<group>";
		};
		A85BC59528DF29D0007E5130 /* Components */ = {
			isa = PBXGroup;
			children = (
				A8CF5F7628E9AE9800FF7586 /* ViewModel */,
				A8CF5F7528E9AE9100FF7586 /* View */,
				A8C536BA28E8503C003425E2 /* WebView.swift */,
				A8C536BC28E85C0F003425E2 /* API.swift */,
				A8941A5128F974B600D9D653 /* EmptyCoinModel.swift */,
			);
			path = Components;
			sourceTree = "<group>";
		};
		A85BC59628DF29D9007E5130 /* Home */ = {
			isa = PBXGroup;
			children = (
				A85BC59828DF2A0C007E5130 /* ViewModel */,
				A85BC59728DF2A00007E5130 /* View */,
			);
			path = Home;
			sourceTree = "<group>";
		};
		A85BC59728DF2A00007E5130 /* View */ = {
			isa = PBXGroup;
			children = (
				A85BC58F28DF2322007E5130 /* CoinRowView.swift */,
				A85BC59B28DF2E73007E5130 /* HomeView.swift */,
			);
			path = View;
			sourceTree = "<group>";
		};
		A85BC59828DF2A0C007E5130 /* ViewModel */ = {
			isa = PBXGroup;
			children = (
				A8750E8228E1CBBE00B02C1C /* VM_HomeView.swift */,
			);
			path = ViewModel;
			sourceTree = "<group>";
		};
		A85D114128F6DF4A00C64F2C /* Trade */ = {
			isa = PBXGroup;
			children = (
				A85D114328F6DF5900C64F2C /* ViewModel */,
				A85D114228F6DF5400C64F2C /* View */,
			);
			path = Trade;
			sourceTree = "<group>";
		};
		A85D114228F6DF5400C64F2C /* View */ = {
			isa = PBXGroup;
			children = (
				A85D114428F6DF6B00C64F2C /* TradeView.swift */,
				A883AF9728F8253B00C542D6 /* SelectTradeCoinSheet.swift */,
			);
			path = View;
			sourceTree = "<group>";
		};
		A85D114328F6DF5900C64F2C /* ViewModel */ = {
			isa = PBXGroup;
			children = (
				A85D114628F6E23100C64F2C /* VM_TradeView.swift */,
				A883AF9928F82A3E00C542D6 /* VM_SelectTradeCoinSheet.swift */,
			);
			path = ViewModel;
			sourceTree = "<group>";
		};
		A85D114828F709F900C64F2C /* Enums */ = {
			isa = PBXGroup;
			children = (
				A85D114928F70A1300C64F2C /* BuySellEnum.swift */,
			);
			path = Enums;
			sourceTree = "<group>";
		};
		A867B93328FAC95000D4D50D /* Database */ = {
			isa = PBXGroup;
			children = (
				A867B93428FAC96F00D4D50D /* PortfolioContainer.xcdatamodeld */,
			);
			path = Database;
			sourceTree = "<group>";
		};
		A872103628E7062A00282FFE /* Utilities */ = {
			isa = PBXGroup;
			children = (
				A872103728E7066A00282FFE /* NetworkingManager.swift */,
				A8CF5F6E28E9763800FF7586 /* LocalFileManger.swift */,
			);
			path = Utilities;
			sourceTree = "<group>";
		};
		A87909C828EC61E600FAD403 /* Exchange */ = {
			isa = PBXGroup;
			children = (
				A87909CA28EC61F500FAD403 /* ViewModel */,
				A87909C928EC61F200FAD403 /* View */,
			);
			path = Exchange;
			sourceTree = "<group>";
		};
		A87909C928EC61F200FAD403 /* View */ = {
			isa = PBXGroup;
			children = (
				A87909CB28EC621200FAD403 /* ExchangeRowNameView.swift */,
				A87909CD28EC690B00FAD403 /* ExchangeRowStatisticsView.swift */,
				A8D2463728EEEA7F0019F07E /* ExchangeListView.swift */,
			);
			path = View;
			sourceTree = "<group>";
		};
		A87909CA28EC61F500FAD403 /* ViewModel */ = {
			isa = PBXGroup;
			children = (
				A871BB8628F03878006BC3CD /* VM_ExchangeListView.swift */,
			);
			path = ViewModel;
			sourceTree = "<group>";
		};
		A8C536B728E84FB5003425E2 /* Coin360 */ = {
			isa = PBXGroup;
			children = (
				A8C536B828E84FD1003425E2 /* Coin360View.swift */,
			);
			path = Coin360;
			sourceTree = "<group>";
		};
		A8CF5F7528E9AE9100FF7586 /* View */ = {
			isa = PBXGroup;
			children = (
				A8CF5F7228E9AC9400FF7586 /* SearchBarView.swift */,
				A8C536BF28E874EC003425E2 /* CoinImageView.swift */,
				A80EB4A828EB017E00931393 /* StatisticView.swift */,
				A8C04CB628F30037009E9B9A /* ExchangeImageView.swift */,
			);
			path = View;
			sourceTree = "<group>";
		};
		A8CF5F7628E9AE9800FF7586 /* ViewModel */ = {
			isa = PBXGroup;
			children = (
				A8C536C528E87BF5003425E2 /* VM_CoinImageView.swift */,
				A8C04CB828F30042009E9B9A /* VM_ExchangeImageView.swift */,
			);
			path = ViewModel;
			sourceTree = "<group>";
		};
/* End PBXGroup section */

/* Begin PBXNativeTarget section */
		A85BC57828DF1457007E5130 /* CryptoTradingApp */ = {
			isa = PBXNativeTarget;
			buildConfigurationList = A85BC58728DF145A007E5130 /* Build configuration list for PBXNativeTarget "CryptoTradingApp" */;
			buildPhases = (
				A85BC57528DF1457007E5130 /* Sources */,
				A85BC57628DF1457007E5130 /* Frameworks */,
				A85BC57728DF1457007E5130 /* Resources */,
			);
			buildRules = (
			);
			dependencies = (
			);
			name = CryptoTradingApp;
			productName = CryptoTradingApp;
			productReference = A85BC57928DF1457007E5130 /* CryptoTradingApp.app */;
			productType = "com.apple.product-type.application";
		};
/* End PBXNativeTarget section */

/* Begin PBXProject section */
		A85BC57128DF1457007E5130 /* Project object */ = {
			isa = PBXProject;
			attributes = {
				BuildIndependentTargetsInParallel = 1;
				LastSwiftUpdateCheck = 1400;
				LastUpgradeCheck = 1400;
				TargetAttributes = {
					A85BC57828DF1457007E5130 = {
						CreatedOnToolsVersion = 14.0;
					};
				};
			};
			buildConfigurationList = A85BC57428DF1457007E5130 /* Build configuration list for PBXProject "CryptoTradingApp" */;
			compatibilityVersion = "Xcode 14.0";
			developmentRegion = en;
			hasScannedForEncodings = 0;
			knownRegions = (
				en,
				Base,
			);
			mainGroup = A85BC57028DF1457007E5130;
			productRefGroup = A85BC57A28DF1457007E5130 /* Products */;
			projectDirPath = "";
			projectRoot = "";
			targets = (
				A85BC57828DF1457007E5130 /* CryptoTradingApp */,
			);
		};
/* End PBXProject section */

/* Begin PBXResourcesBuildPhase section */
		A85BC57728DF1457007E5130 /* Resources */ = {
			isa = PBXResourcesBuildPhase;
			buildActionMask = 2147483647;
			files = (
				A85BC58428DF145A007E5130 /* Preview Assets.xcassets in Resources */,
				A85BC58128DF145A007E5130 /* Assets.xcassets in Resources */,
			);
			runOnlyForDeploymentPostprocessing = 0;
		};
/* End PBXResourcesBuildPhase section */

/* Begin PBXSourcesBuildPhase section */
		A85BC57528DF1457007E5130 /* Sources */ = {
			isa = PBXSourcesBuildPhase;
			buildActionMask = 2147483647;
			files = (
				A8CF5F7328E9AC9400FF7586 /* SearchBarView.swift in Sources */,
				A85BC59C28DF2E73007E5130 /* HomeView.swift in Sources */,
				A85D114728F6E23100C64F2C /* VM_TradeView.swift in Sources */,
				A85BC59328DF2358007E5130 /* PreviewProvider.swift in Sources */,
				A848284428E5B7C200405907 /* CreatorView.swift in Sources */,
				A8750E8328E1CBBE00B02C1C /* VM_HomeView.swift in Sources */,
				A867B93828FACA0200D4D50D /* PortfolioDataService.swift in Sources */,
				A8C536BD28E85C0F003425E2 /* API.swift in Sources */,
				A8342CB528F5A0AD00822343 /* UIImage.swift in Sources */,
				A8C04CB528F2F9F1009E9B9A /* ExchangeImageService.swift in Sources */,
				A8C536C028E874EC003425E2 /* CoinImageView.swift in Sources */,
				A8C536C628E87BF5003425E2 /* VM_CoinImageView.swift in Sources */,
				A883AF9A28F82A3E00C542D6 /* VM_SelectTradeCoinSheet.swift in Sources */,
				A8733AF728F437230089C9C7 /* MarketDataService.swift in Sources */,
				A85BC59028DF2322007E5130 /* CoinRowView.swift in Sources */,
				A8C536C228E876E1003425E2 /* CoinImageService.swift in Sources */,
				A8C536BB28E8503C003425E2 /* WebView.swift in Sources */,
				A8C536B928E84FD1003425E2 /* Coin360View.swift in Sources */,
				A8733AF528F42EED0089C9C7 /* MarketDataModel.swift in Sources */,
				A8941A5228F974B600D9D653 /* EmptyCoinModel.swift in Sources */,
				A8C04CB728F30037009E9B9A /* ExchangeImageView.swift in Sources */,
				A883AF9828F8253B00C542D6 /* SelectTradeCoinSheet.swift in Sources */,
				A871BB8928F038D8006BC3CD /* ExchangeDataService.swift in Sources */,
				A80EB4A728EB001E00931393 /* StatisticModel.swift in Sources */,
				A85BC57F28DF1457007E5130 /* ContentView.swift in Sources */,
				A80EB4A928EB017E00931393 /* StatisticView.swift in Sources */,
				A8CF5F6F28E9763800FF7586 /* LocalFileManger.swift in Sources */,
				A85D114A28F70A1300C64F2C /* BuySellEnum.swift in Sources */,
				A85BC58E28DF1F2C007E5130 /* CoinModel.swift in Sources */,
				A867B93628FAC96F00D4D50D /* PortfolioContainer.xcdatamodeld in Sources */,
				A8CF5F7A28E9B46300FF7586 /* UIApplication.swift in Sources */,
				A85D114528F6DF6B00C64F2C /* TradeView.swift in Sources */,
				A8D2463A28EEEB9F0019F07E /* ExchangeModel.swift in Sources */,
				A848283F28E5B7AE00405907 /* MarketView.swift in Sources */,
				A871BB8728F03878006BC3CD /* VM_ExchangeListView.swift in Sources */,
				A8C04CB928F30042009E9B9A /* VM_ExchangeImageView.swift in Sources */,
				A87909CE28EC690B00FAD403 /* ExchangeRowStatisticsView.swift in Sources */,
				A848283C28E5B5C100405907 /* CoinDataService.swift in Sources */,
				A8342CB728F5A2A700822343 /* Integer.swift in Sources */,
				A872103828E7066A00282FFE /* NetworkingManager.swift in Sources */,
				A85BC59A28DF2A49007E5130 /* Double.swift in Sources */,
				A87909CC28EC621200FAD403 /* ExchangeRowNameView.swift in Sources */,
				A85BC57D28DF1457007E5130 /* CryptoTradingAppApp.swift in Sources */,
				A8D2463828EEEA7F0019F07E /* ExchangeListView.swift in Sources */,
			);
			runOnlyForDeploymentPostprocessing = 0;
		};
/* End PBXSourcesBuildPhase section */

/* Begin XCBuildConfiguration section */
		A85BC58528DF145A007E5130 /* Debug */ = {
			isa = XCBuildConfiguration;
			buildSettings = {
				ALWAYS_SEARCH_USER_PATHS = NO;
				CLANG_ANALYZER_NONNULL = YES;
				CLANG_ANALYZER_NUMBER_OBJECT_CONVERSION = YES_AGGRESSIVE;
				CLANG_CXX_LANGUAGE_STANDARD = "gnu++20";
				CLANG_ENABLE_MODULES = YES;
				CLANG_ENABLE_OBJC_ARC = YES;
				CLANG_ENABLE_OBJC_WEAK = YES;
				CLANG_WARN_BLOCK_CAPTURE_AUTORELEASING = YES;
				CLANG_WARN_BOOL_CONVERSION = YES;
				CLANG_WARN_COMMA = YES;
				CLANG_WARN_CONSTANT_CONVERSION = YES;
				CLANG_WARN_DEPRECATED_OBJC_IMPLEMENTATIONS = YES;
				CLANG_WARN_DIRECT_OBJC_ISA_USAGE = YES_ERROR;
				CLANG_WARN_DOCUMENTATION_COMMENTS = YES;
				CLANG_WARN_EMPTY_BODY = YES;
				CLANG_WARN_ENUM_CONVERSION = YES;
				CLANG_WARN_INFINITE_RECURSION = YES;
				CLANG_WARN_INT_CONVERSION = YES;
				CLANG_WARN_NON_LITERAL_NULL_CONVERSION = YES;
				CLANG_WARN_OBJC_IMPLICIT_RETAIN_SELF = YES;
				CLANG_WARN_OBJC_LITERAL_CONVERSION = YES;
				CLANG_WARN_OBJC_ROOT_CLASS = YES_ERROR;
				CLANG_WARN_QUOTED_INCLUDE_IN_FRAMEWORK_HEADER = YES;
				CLANG_WARN_RANGE_LOOP_ANALYSIS = YES;
				CLANG_WARN_STRICT_PROTOTYPES = YES;
				CLANG_WARN_SUSPICIOUS_MOVE = YES;
				CLANG_WARN_UNGUARDED_AVAILABILITY = YES_AGGRESSIVE;
				CLANG_WARN_UNREACHABLE_CODE = YES;
				CLANG_WARN__DUPLICATE_METHOD_MATCH = YES;
				COPY_PHASE_STRIP = NO;
				DEBUG_INFORMATION_FORMAT = dwarf;
				ENABLE_STRICT_OBJC_MSGSEND = YES;
				ENABLE_TESTABILITY = YES;
				GCC_C_LANGUAGE_STANDARD = gnu11;
				GCC_DYNAMIC_NO_PIC = NO;
				GCC_NO_COMMON_BLOCKS = YES;
				GCC_OPTIMIZATION_LEVEL = 0;
				GCC_PREPROCESSOR_DEFINITIONS = (
					"DEBUG=1",
					"$(inherited)",
				);
				GCC_WARN_64_TO_32_BIT_CONVERSION = YES;
				GCC_WARN_ABOUT_RETURN_TYPE = YES_ERROR;
				GCC_WARN_UNDECLARED_SELECTOR = YES;
				GCC_WARN_UNINITIALIZED_AUTOS = YES_AGGRESSIVE;
				GCC_WARN_UNUSED_FUNCTION = YES;
				GCC_WARN_UNUSED_VARIABLE = YES;
				IPHONEOS_DEPLOYMENT_TARGET = 16.0;
				MTL_ENABLE_DEBUG_INFO = INCLUDE_SOURCE;
				MTL_FAST_MATH = YES;
				ONLY_ACTIVE_ARCH = YES;
				SDKROOT = iphoneos;
				SWIFT_ACTIVE_COMPILATION_CONDITIONS = DEBUG;
				SWIFT_OPTIMIZATION_LEVEL = "-Onone";
			};
			name = Debug;
		};
		A85BC58628DF145A007E5130 /* Release */ = {
			isa = XCBuildConfiguration;
			buildSettings = {
				ALWAYS_SEARCH_USER_PATHS = NO;
				CLANG_ANALYZER_NONNULL = YES;
				CLANG_ANALYZER_NUMBER_OBJECT_CONVERSION = YES_AGGRESSIVE;
				CLANG_CXX_LANGUAGE_STANDARD = "gnu++20";
				CLANG_ENABLE_MODULES = YES;
				CLANG_ENABLE_OBJC_ARC = YES;
				CLANG_ENABLE_OBJC_WEAK = YES;
				CLANG_WARN_BLOCK_CAPTURE_AUTORELEASING = YES;
				CLANG_WARN_BOOL_CONVERSION = YES;
				CLANG_WARN_COMMA = YES;
				CLANG_WARN_CONSTANT_CONVERSION = YES;
				CLANG_WARN_DEPRECATED_OBJC_IMPLEMENTATIONS = YES;
				CLANG_WARN_DIRECT_OBJC_ISA_USAGE = YES_ERROR;
				CLANG_WARN_DOCUMENTATION_COMMENTS = YES;
				CLANG_WARN_EMPTY_BODY = YES;
				CLANG_WARN_ENUM_CONVERSION = YES;
				CLANG_WARN_INFINITE_RECURSION = YES;
				CLANG_WARN_INT_CONVERSION = YES;
				CLANG_WARN_NON_LITERAL_NULL_CONVERSION = YES;
				CLANG_WARN_OBJC_IMPLICIT_RETAIN_SELF = YES;
				CLANG_WARN_OBJC_LITERAL_CONVERSION = YES;
				CLANG_WARN_OBJC_ROOT_CLASS = YES_ERROR;
				CLANG_WARN_QUOTED_INCLUDE_IN_FRAMEWORK_HEADER = YES;
				CLANG_WARN_RANGE_LOOP_ANALYSIS = YES;
				CLANG_WARN_STRICT_PROTOTYPES = YES;
				CLANG_WARN_SUSPICIOUS_MOVE = YES;
				CLANG_WARN_UNGUARDED_AVAILABILITY = YES_AGGRESSIVE;
				CLANG_WARN_UNREACHABLE_CODE = YES;
				CLANG_WARN__DUPLICATE_METHOD_MATCH = YES;
				COPY_PHASE_STRIP = NO;
				DEBUG_INFORMATION_FORMAT = "dwarf-with-dsym";
				ENABLE_NS_ASSERTIONS = NO;
				ENABLE_STRICT_OBJC_MSGSEND = YES;
				GCC_C_LANGUAGE_STANDARD = gnu11;
				GCC_NO_COMMON_BLOCKS = YES;
				GCC_WARN_64_TO_32_BIT_CONVERSION = YES;
				GCC_WARN_ABOUT_RETURN_TYPE = YES_ERROR;
				GCC_WARN_UNDECLARED_SELECTOR = YES;
				GCC_WARN_UNINITIALIZED_AUTOS = YES_AGGRESSIVE;
				GCC_WARN_UNUSED_FUNCTION = YES;
				GCC_WARN_UNUSED_VARIABLE = YES;
				IPHONEOS_DEPLOYMENT_TARGET = 16.0;
				MTL_ENABLE_DEBUG_INFO = NO;
				MTL_FAST_MATH = YES;
				SDKROOT = iphoneos;
				SWIFT_COMPILATION_MODE = wholemodule;
				SWIFT_OPTIMIZATION_LEVEL = "-O";
				VALIDATE_PRODUCT = YES;
			};
			name = Release;
		};
		A85BC58828DF145A007E5130 /* Debug */ = {
			isa = XCBuildConfiguration;
			buildSettings = {
				ASSETCATALOG_COMPILER_APPICON_NAME = AppIcon;
				ASSETCATALOG_COMPILER_GLOBAL_ACCENT_COLOR_NAME = AccentColor;
				CODE_SIGN_STYLE = Automatic;
				CURRENT_PROJECT_VERSION = 1;
				DEVELOPMENT_ASSET_PATHS = "\"CryptoTradingApp/Preview Content\"";
				DEVELOPMENT_TEAM = A8UD4U7C7A;
				ENABLE_PREVIEWS = YES;
				GENERATE_INFOPLIST_FILE = YES;
				INFOPLIST_KEY_UIApplicationSceneManifest_Generation = YES;
				INFOPLIST_KEY_UIApplicationSupportsIndirectInputEvents = YES;
				INFOPLIST_KEY_UILaunchScreen_Generation = YES;
				INFOPLIST_KEY_UISupportedInterfaceOrientations = UIInterfaceOrientationPortrait;
				INFOPLIST_KEY_UIUserInterfaceStyle = Light;
				LD_RUNPATH_SEARCH_PATHS = (
					"$(inherited)",
					"@executable_path/Frameworks",
				);
				MARKETING_VERSION = 0.0.1;
				PRODUCT_BUNDLE_IDENTIFIER = bellicreative.com.CryptoTradingApp;
				PRODUCT_NAME = "$(TARGET_NAME)";
				SWIFT_EMIT_LOC_STRINGS = YES;
				SWIFT_VERSION = 5.0;
				TARGETED_DEVICE_FAMILY = "1,2";
			};
			name = Debug;
		};
		A85BC58928DF145A007E5130 /* Release */ = {
			isa = XCBuildConfiguration;
			buildSettings = {
				ASSETCATALOG_COMPILER_APPICON_NAME = AppIcon;
				ASSETCATALOG_COMPILER_GLOBAL_ACCENT_COLOR_NAME = AccentColor;
				CODE_SIGN_STYLE = Automatic;
				CURRENT_PROJECT_VERSION = 1;
				DEVELOPMENT_ASSET_PATHS = "\"CryptoTradingApp/Preview Content\"";
				DEVELOPMENT_TEAM = A8UD4U7C7A;
				ENABLE_PREVIEWS = YES;
				GENERATE_INFOPLIST_FILE = YES;
				INFOPLIST_KEY_UIApplicationSceneManifest_Generation = YES;
				INFOPLIST_KEY_UIApplicationSupportsIndirectInputEvents = YES;
				INFOPLIST_KEY_UILaunchScreen_Generation = YES;
				INFOPLIST_KEY_UISupportedInterfaceOrientations = UIInterfaceOrientationPortrait;
				INFOPLIST_KEY_UIUserInterfaceStyle = Light;
				LD_RUNPATH_SEARCH_PATHS = (
					"$(inherited)",
					"@executable_path/Frameworks",
				);
				MARKETING_VERSION = 0.0.1;
				PRODUCT_BUNDLE_IDENTIFIER = bellicreative.com.CryptoTradingApp;
				PRODUCT_NAME = "$(TARGET_NAME)";
				SWIFT_EMIT_LOC_STRINGS = YES;
				SWIFT_VERSION = 5.0;
				TARGETED_DEVICE_FAMILY = "1,2";
			};
			name = Release;
		};
/* End XCBuildConfiguration section */

/* Begin XCConfigurationList section */
		A85BC57428DF1457007E5130 /* Build configuration list for PBXProject "CryptoTradingApp" */ = {
			isa = XCConfigurationList;
			buildConfigurations = (
				A85BC58528DF145A007E5130 /* Debug */,
				A85BC58628DF145A007E5130 /* Release */,
			);
			defaultConfigurationIsVisible = 0;
			defaultConfigurationName = Release;
		};
		A85BC58728DF145A007E5130 /* Build configuration list for PBXNativeTarget "CryptoTradingApp" */ = {
			isa = XCConfigurationList;
			buildConfigurations = (
				A85BC58828DF145A007E5130 /* Debug */,
				A85BC58928DF145A007E5130 /* Release */,
			);
			defaultConfigurationIsVisible = 0;
			defaultConfigurationName = Release;
		};
/* End XCConfigurationList section */

/* Begin XCVersionGroup section */
		A867B93428FAC96F00D4D50D /* PortfolioContainer.xcdatamodeld */ = {
			isa = XCVersionGroup;
			children = (
				A867B93528FAC96F00D4D50D /* PortfolioContainer.xcdatamodel */,
			);
			currentVersion = A867B93528FAC96F00D4D50D /* PortfolioContainer.xcdatamodel */;
			path = PortfolioContainer.xcdatamodeld;
			sourceTree = "<group>";
			versionGroupType = wrapper.xcdatamodel;
		};
/* End XCVersionGroup section */
	};
	rootObject = A85BC57128DF1457007E5130 /* Project object */;
}
